// !$*UTF8*$!
{
	archiveVersion = 1;
	classes = {
	};
	objectVersion = 50;
	objects = {

/* Begin PBXBuildFile section */
		EDF2A149259EAF88007DA8CC /* AppDelegate.swift in Sources */ = {isa = PBXBuildFile; fileRef = EDF2A148259EAF88007DA8CC /* AppDelegate.swift */; };
		EDF2A14B259EAF88007DA8CC /* SceneDelegate.swift in Sources */ = {isa = PBXBuildFile; fileRef = EDF2A14A259EAF88007DA8CC /* SceneDelegate.swift */; };
		EDF2A14D259EAF88007DA8CC /* ContentView.swift in Sources */ = {isa = PBXBuildFile; fileRef = EDF2A14C259EAF88007DA8CC /* ContentView.swift */; };
		EDF2A14F259EAF90007DA8CC /* Assets.xcassets in Resources */ = {isa = PBXBuildFile; fileRef = EDF2A14E259EAF90007DA8CC /* Assets.xcassets */; };
		EDF2A152259EAF90007DA8CC /* Preview Assets.xcassets in Resources */ = {isa = PBXBuildFile; fileRef = EDF2A151259EAF90007DA8CC /* Preview Assets.xcassets */; };
		EDF2A155259EAF90007DA8CC /* LaunchScreen.storyboard in Resources */ = {isa = PBXBuildFile; fileRef = EDF2A153259EAF90007DA8CC /* LaunchScreen.storyboard */; };
/* End PBXBuildFile section */

/* Begin PBXFileReference section */
		EDF2A145259EAF88007DA8CC /* MoonShot - Project.app */ = {isa = PBXFileReference; explicitFileType = wrapper.application; includeInIndex = 0; path = "MoonShot - Project.app"; sourceTree = BUILT_PRODUCTS_DIR; };
		EDF2A148259EAF88007DA8CC /* AppDelegate.swift */ = {isa = PBXFileReference; lastKnownFileType = sourcecode.swift; path = AppDelegate.swift; sourceTree = "<group>"; };
		EDF2A14A259EAF88007DA8CC /* SceneDelegate.swift */ = {isa = PBXFileReference; lastKnownFileType = sourcecode.swift; path = SceneDelegate.swift; sourceTree = "<group>"; };
		EDF2A14C259EAF88007DA8CC /* ContentView.swift */ = {isa = PBXFileReference; lastKnownFileType = sourcecode.swift; path = ContentView.swift; sourceTree = "<group>"; };
		EDF2A14E259EAF90007DA8CC /* Assets.xcassets */ = {isa = PBXFileReference; lastKnownFileType = folder.assetcatalog; path = Assets.xcassets; sourceTree = "<group>"; };
		EDF2A151259EAF90007DA8CC /* Preview Assets.xcassets */ = {isa = PBXFileReference; lastKnownFileType = folder.assetcatalog; path = "Preview Assets.xcassets"; sourceTree = "<group>"; };
		EDF2A154259EAF90007DA8CC /* Base */ = {isa = PBXFileReference; lastKnownFileType = file.storyboard; name = Base; path = Base.lproj/LaunchScreen.storyboard; sourceTree = "<group>"; };
		EDF2A156259EAF90007DA8CC /* Info.plist */ = {isa = PBXFileReference; lastKnownFileType = text.plist.xml; path = Info.plist; sourceTree = "<group>"; };
/* End PBXFileReference section */

/* Begin PBXFrameworksBuildPhase section */
		EDF2A142259EAF88007DA8CC /* Frameworks */ = {
			isa = PBXFrameworksBuildPhase;
			buildActionMask = 2147483647;
			files = (
			);
			runOnlyForDeploymentPostprocessing = 0;
		};
/* End PBXFrameworksBuildPhase section */

/* Begin PBXGroup section */
		EDF2A13C259EAF88007DA8CC = {
			isa = PBXGroup;
			children = (
				EDF2A147259EAF88007DA8CC /* MoonShot - Project */,
				EDF2A146259EAF88007DA8CC /* Products */,
			);
			sourceTree = "<group>";
		};
		EDF2A146259EAF88007DA8CC /* Products */ = {
			isa = PBXGroup;
			children = (
				EDF2A145259EAF88007DA8CC /* MoonShot - Project.app */,
			);
			name = Products;
			sourceTree = "<group>";
		};
		EDF2A147259EAF88007DA8CC /* MoonShot - Project */ = {
			isa = PBXGroup;
			children = (
				EDF2A148259EAF88007DA8CC /* AppDelegate.swift */,
				EDF2A14A259EAF88007DA8CC /* SceneDelegate.swift */,
				EDF2A14C259EAF88007DA8CC /* ContentView.swift */,
				EDF2A14E259EAF90007DA8CC /* Assets.xcassets */,
				EDF2A153259EAF90007DA8CC /* LaunchScreen.storyboard */,
				EDF2A156259EAF90007DA8CC /* Info.plist */,
				EDF2A150259EAF90007DA8CC /* Preview Content */,
			);
			path = "MoonShot - Project";
			sourceTree = "<group>";
		};
		EDF2A150259EAF90007DA8CC /* Preview Content */ = {
			isa = PBXGroup;
			children = (
				EDF2A151259EAF90007DA8CC /* Preview Assets.xcassets */,
			);
			path = "Preview Content";
			sourceTree = "<group>";
		};
/* End PBXGroup section */

/* Begin PBXNativeTarget section */
		EDF2A144259EAF88007DA8CC /* MoonShot - Project */ = {
			isa = PBXNativeTarget;
			buildConfigurationList = EDF2A159259EAF90007DA8CC /* Build configuration list for PBXNativeTarget "MoonShot - Project" */;
			buildPhases = (
				EDF2A141259EAF88007DA8CC /* Sources */,
				EDF2A142259EAF88007DA8CC /* Frameworks */,
				EDF2A143259EAF88007DA8CC /* Resources */,
			);
			buildRules = (
			);
			dependencies = (
			);
			name = "MoonShot - Project";
			productName = "MoonShot - Project";
			productReference = EDF2A145259EAF88007DA8CC /* MoonShot - Project.app */;
			productType = "com.apple.product-type.application";
		};
/* End PBXNativeTarget section */

/* Begin PBXProject section */
		EDF2A13D259EAF88007DA8CC /* Project object */ = {
			isa = PBXProject;
			attributes = {
				LastSwiftUpdateCheck = 1140;
				LastUpgradeCheck = 1140;
				ORGANIZATIONNAME = "Vishnu akhil Upparapalle";
				TargetAttributes = {
					EDF2A144259EAF88007DA8CC = {
						CreatedOnToolsVersion = 11.4;
					};
				};
			};
			buildConfigurationList = EDF2A140259EAF88007DA8CC /* Build configuration list for PBXProject "MoonShot - Project" */;
			compatibilityVersion = "Xcode 9.3";
			developmentRegion = en;
			hasScannedForEncodings = 0;
			knownRegions = (
				en,
				Base,
			);
			mainGroup = EDF2A13C259EAF88007DA8CC;
			productRefGroup = EDF2A146259EAF88007DA8CC /* Products */;
			projectDirPath = "";
			projectRoot = "";
			targets = (
				EDF2A144259EAF88007DA8CC /* MoonShot - Project */,
			);
		};
/* End PBXProject section */

/* Begin PBXResourcesBuildPhase section */
		EDF2A143259EAF88007DA8CC /* Resources */ = {
			isa = PBXResourcesBuildPhase;
			buildActionMask = 2147483647;
			files = (
				EDF2A155259EAF90007DA8CC /* LaunchScreen.storyboard in Resources */,
				EDF2A152259EAF90007DA8CC /* Preview Assets.xcassets in Resources */,
				EDF2A14F259EAF90007DA8CC /* Assets.xcassets in Resources */,
			);
			runOnlyForDeploymentPostprocessing = 0;
		};
/* End PBXResourcesBuildPhase section */

/* Begin PBXSourcesBuildPhase section */
		EDF2A141259EAF88007DA8CC /* Sources */ = {
			isa = PBXSourcesBuildPhase;
			buildActionMask = 2147483647;
			files = (
				EDF2A149259EAF88007DA8CC /* AppDelegate.swift in Sources */,
				EDF2A14B259EAF88007DA8CC /* SceneDelegate.swift in Sources */,
				EDF2A14D259EAF88007DA8CC /* ContentView.swift in Sources */,
			);
			runOnlyForDeploymentPostprocessing = 0;
		};
/* End PBXSourcesBuildPhase section */

/* Begin PBXVariantGroup section */
		EDF2A153259EAF90007DA8CC /* LaunchScreen.storyboard */ = {
			isa = PBXVariantGroup;
			children = (
				EDF2A154259EAF90007DA8CC /* Base */,
			);
			name = LaunchScreen.storyboard;
			sourceTree = "<group>";
		};
/* End PBXVariantGroup section */

/* Begin XCBuildConfiguration section */
		EDF2A157259EAF90007DA8CC /* Debug */ = {
			isa = XCBuildConfiguration;
			buildSettings = {
				ALWAYS_SEARCH_USER_PATHS = NO;
				CLANG_ANALYZER_NONNULL = YES;
				CLANG_ANALYZER_NUMBER_OBJECT_CONVERSION = YES_AGGRESSIVE;
				CLANG_CXX_LANGUAGE_STANDARD = "gnu++14";
				CLANG_CXX_LIBRARY = "libc++";
				CLANG_ENABLE_MODULES = YES;
				CLANG_ENABLE_OBJC_ARC = YES;
				CLANG_ENABLE_OBJC_WEAK = YES;
				CLANG_WARN_BLOCK_CAPTURE_AUTORELEASING = YES;
				CLANG_WARN_BOOL_CONVERSION = YES;
				CLANG_WARN_COMMA = YES;
				CLANG_WARN_CONSTANT_CONVERSION = YES;
				CLANG_WARN_DEPRECATED_OBJC_IMPLEMENTATIONS = YES;
				CLANG_WARN_DIRECT_OBJC_ISA_USAGE = YES_ERROR;
				CLANG_WARN_DOCUMENTATION_COMMENTS = YES;
				CLANG_WARN_EMPTY_BODY = YES;
				CLANG_WARN_ENUM_CONVERSION = YES;
				CLANG_WARN_INFINITE_RECURSION = YES;
				CLANG_WARN_INT_CONVERSION = YES;
				CLANG_WARN_NON_LITERAL_NULL_CONVERSION = YES;
				CLANG_WARN_OBJC_IMPLICIT_RETAIN_SELF = YES;
				CLANG_WARN_OBJC_LITERAL_CONVERSION = YES;
				CLANG_WARN_OBJC_ROOT_CLASS = YES_ERROR;
				CLANG_WARN_RANGE_LOOP_ANALYSIS = YES;
				CLANG_WARN_STRICT_PROTOTYPES = YES;
				CLANG_WARN_SUSPICIOUS_MOVE = YES;
				CLANG_WARN_UNGUARDED_AVAILABILITY = YES_AGGRESSIVE;
				CLANG_WARN_UNREACHABLE_CODE = YES;
				CLANG_WARN__DUPLICATE_METHOD_MATCH = YES;
				COPY_PHASE_STRIP = NO;
				DEBUG_INFORMATION_FORMAT = dwarf;
				ENABLE_STRICT_OBJC_MSGSEND = YES;
				ENABLE_TESTABILITY = YES;
				GCC_C_LANGUAGE_STANDARD = gnu11;
				GCC_DYNAMIC_NO_PIC = NO;
				GCC_NO_COMMON_BLOCKS = YES;
				GCC_OPTIMIZATION_LEVEL = 0;
				GCC_PREPROCESSOR_DEFINITIONS = (
					"DEBUG=1",
					"$(inherited)",
				);
				GCC_WARN_64_TO_32_BIT_CONVERSION = YES;
				GCC_WARN_ABOUT_RETURN_TYPE = YES_ERROR;
				GCC_WARN_UNDECLARED_SELECTOR = YES;
				GCC_WARN_UNINITIALIZED_AUTOS = YES_AGGRESSIVE;
				GCC_WARN_UNUSED_FUNCTION = YES;
				GCC_WARN_UNUSED_VARIABLE = YES;
				IPHONEOS_DEPLOYMENT_TARGET = 13.4;
				MTL_ENABLE_DEBUG_INFO = INCLUDE_SOURCE;
				MTL_FAST_MATH = YES;
				ONLY_ACTIVE_ARCH = YES;
				SDKROOT = iphoneos;
				SWIFT_ACTIVE_COMPILATION_CONDITIONS = DEBUG;
				SWIFT_OPTIMIZATION_LEVEL = "-Onone";
			};
			name = Debug;
		};
		EDF2A158259EAF90007DA8CC /* Release */ = {
			isa = XCBuildConfiguration;
			buildSettings = {
				ALWAYS_SEARCH_USER_PATHS = NO;
				CLANG_ANALYZER_NONNULL = YES;
				CLANG_ANALYZER_NUMBER_OBJECT_CONVERSION = YES_AGGRESSIVE;
				CLANG_CXX_LANGUAGE_STANDARD = "gnu++14";
				CLANG_CXX_LIBRARY = "libc++";
				CLANG_ENABLE_MODULES = YES;
				CLANG_ENABLE_OBJC_ARC = YES;
				CLANG_ENABLE_OBJC_WEAK = YES;
				CLANG_WARN_BLOCK_CAPTURE_AUTORELEASING = YES;
				CLANG_WARN_BOOL_CONVERSION = YES;
				CLANG_WARN_COMMA = YES;
				CLANG_WARN_CONSTANT_CONVERSION = YES;
				CLANG_WARN_DEPRECATED_OBJC_IMPLEMENTATIONS = YES;
				CLANG_WARN_DIRECT_OBJC_ISA_USAGE = YES_ERROR;
				CLANG_WARN_DOCUMENTATION_COMMENTS = YES;
				CLANG_WARN_EMPTY_BODY = YES;
				CLANG_WARN_ENUM_CONVERSION = YES;
				CLANG_WARN_INFINITE_RECURSION = YES;
				CLANG_WARN_INT_CONVERSION = YES;
				CLANG_WARN_NON_LITERAL_NULL_CONVERSION = YES;
				CLANG_WARN_OBJC_IMPLICIT_RETAIN_SELF = YES;
				CLANG_WARN_OBJC_LITERAL_CONVERSION = YES;
				CLANG_WARN_OBJC_ROOT_CLASS = YES_ERROR;
				CLANG_WARN_RANGE_LOOP_ANALYSIS = YES;
				CLANG_WARN_STRICT_PROTOTYPES = YES;
				CLANG_WARN_SUSPICIOUS_MOVE = YES;
				CLANG_WARN_UNGUARDED_AVAILABILITY = YES_AGGRESSIVE;
				CLANG_WARN_UNREACHABLE_CODE = YES;
				CLANG_WARN__DUPLICATE_METHOD_MATCH = YES;
				COPY_PHASE_STRIP = NO;
				DEBUG_INFORMATION_FORMAT = "dwarf-with-dsym";
				ENABLE_NS_ASSERTIONS = NO;
				ENABLE_STRICT_OBJC_MSGSEND = YES;
				GCC_C_LANGUAGE_STANDARD = gnu11;
				GCC_NO_COMMON_BLOCKS = YES;
				GCC_WARN_64_TO_32_BIT_CONVERSION = YES;
				GCC_WARN_ABOUT_RETURN_TYPE = YES_ERROR;
				GCC_WARN_UNDECLARED_SELECTOR = YES;
				GCC_WARN_UNINITIALIZED_AUTOS = YES_AGGRESSIVE;
				GCC_WARN_UNUSED_FUNCTION = YES;
				GCC_WARN_UNUSED_VARIABLE = YES;
				IPHONEOS_DEPLOYMENT_TARGET = 13.4;
				MTL_ENABLE_DEBUG_INFO = NO;
				MTL_FAST_MATH = YES;
				SDKROOT = iphoneos;
				SWIFT_COMPILATION_MODE = wholemodule;
				SWIFT_OPTIMIZATION_LEVEL = "-O";
				VALIDATE_PRODUCT = YES;
			};
			name = Release;
		};
		EDF2A15A259EAF90007DA8CC /* Debug */ = {
			isa = XCBuildConfiguration;
			buildSettings = {
				ASSETCATALOG_COMPILER_APPICON_NAME = AppIcon;
				CODE_SIGN_STYLE = Automatic;
				DEVELOPMENT_ASSET_PATHS = "\"MoonShot - Project/Preview Content\"";
				DEVELOPMENT_TEAM = 3VDR5RTGU8;
				ENABLE_PREVIEWS = YES;
				INFOPLIST_FILE = "MoonShot - Project/Info.plist";
				LD_RUNPATH_SEARCH_PATHS = (
					"$(inherited)",
					"@executable_path/Frameworks",
				);
				PRODUCT_BUNDLE_IDENTIFIER = "UTSvishnuLynda.MoonShot---Project";
				PRODUCT_NAME = "$(TARGET_NAME)";
				SWIFT_VERSION = 5.0;
				TARGETED_DEVICE_FAMILY = "1,2";
			};
			name = Debug;
		};
		EDF2A15B259EAF90007DA8CC /* Release */ = {
			isa = XCBuildConfiguration;
			buildSettings = {
				ASSETCATALOG_COMPILER_APPICON_NAME = AppIcon;
				CODE_SIGN_STYLE = Automatic;
				DEVELOPMENT_ASSET_PATHS = "\"MoonShot - Project/Preview Content\"";
				DEVELOPMENT_TEAM = 3VDR5RTGU8;
				ENABLE_PREVIEWS = YES;
				INFOPLIST_FILE = "MoonShot - Project/Info.plist";
				LD_RUNPATH_SEARCH_PATHS = (
					"$(inherited)",
					"@executable_path/Frameworks",
				);
				PRODUCT_BUNDLE_IDENTIFIER = "UTSvishnuLynda.MoonShot---Project";
				PRODUCT_NAME = "$(TARGET_NAME)";
				SWIFT_VERSION = 5.0;
				TARGETED_DEVICE_FAMILY = "1,2";
			};
			name = Release;
		};
/* End XCBuildConfiguration section */

/* Begin XCConfigurationList section */
		EDF2A140259EAF88007DA8CC /* Build configuration list for PBXProject "MoonShot - Project" */ = {
			isa = XCConfigurationList;
			buildConfigurations = (
				EDF2A157259EAF90007DA8CC /* Debug */,
				EDF2A158259EAF90007DA8CC /* Release */,
			);
			defaultConfigurationIsVisible = 0;
			defaultConfigurationName = Release;
		};
		EDF2A159259EAF90007DA8CC /* Build configuration list for PBXNativeTarget "MoonShot - Project" */ = {
			isa = XCConfigurationList;
			buildConfigurations = (
				EDF2A15A259EAF90007DA8CC /* Debug */,
				EDF2A15B259EAF90007DA8CC /* Release */,
			);
			defaultConfigurationIsVisible = 0;
			defaultConfigurationName = Release;
		};
/* End XCConfigurationList section */
	};
	rootObject = EDF2A13D259EAF88007DA8CC /* Project object */;
}
